
Microsoft Visual Studio Solution File, Format Version 12.00
# Visual Studio Version 17
VisualStudioVersion = 17.14.36121.58 d17.14
MinimumVisualStudioVersion = 10.0.40219.1
Project("{FAE04EC0-301F-11D3-BF4B-00C04F79EFBC}") = "FinanceTracker", "FinanceTracker\FinanceTracker.csproj", "{5C753394-ED21-41AC-BB85-E107DDC97584}"
EndProject
Global
	GlobalSection(SolutionConfigurationPlatforms) = preSolution
		Debug|Any CPU = Debug|Any CPU
		Release|Any CPU = Release|Any CPU
	EndGlobalSection
	GlobalSection(ProjectConfigurationPlatforms) = postSolution
		{5C753394-ED21-41AC-BB85-E107DDC97584}.Debug|Any CPU.ActiveCfg = Debug|Any CPU
		{5C753394-ED21-41AC-BB85-E107DDC97584}.Debug|Any CPU.Build.0 = Debug|Any CPU
		{5C753394-ED21-41AC-BB85-E107DDC97584}.Release|Any CPU.ActiveCfg = Release|Any CPU
		{5C753394-ED21-41AC-BB85-E107DDC97584}.Release|Any CPU.Build.0 = Release|Any CPU
	EndGlobalSection
	GlobalSection(SolutionProperties) = preSolution
		HideSolutionNode = FALSE
	EndGlobalSection
	GlobalSection(ExtensibilityGlobals) = postSolution
		SolutionGuid = {630F6486-EA6C-44E6-A875-06F872B4C2FA}
	EndGlobalSection
EndGlobal
